
Microsoft Visual Studio Solution File, Format Version 12.00
# Visual Studio Version 16
VisualStudioVersion = 16.0.29509.3
MinimumVisualStudioVersion = 10.0.40219.1
Project("{FAE04EC0-301F-11D3-BF4B-00C04F79EFBC}") = "TPANUAL", "TPANUAL.csproj", "{03EE393D-8324-4B35-B768-CDC2851A63C4}"
EndProject
Project("{FAE04EC0-301F-11D3-BF4B-00C04F79EFBC}") = "Vinculador_IngresosEgresos", "Vinculador_Ingresos-Egresos\Vinculador_IngresosEgresos.csproj", "{C96B3BAB-DC25-4FC4-B6E6-A7D08000892A}"
EndProject
Project("{FAE04EC0-301F-11D3-BF4B-00C04F79EFBC}") = "INTERFAZ", "INTERFAZ\INTERFAZ.csproj", "{9000073C-FE0C-4DFE-9356-A6F4577ADF88}"
	ProjectSection(ProjectDependencies) = postProject
		{C96B3BAB-DC25-4FC4-B6E6-A7D08000892A} = {C96B3BAB-DC25-4FC4-B6E6-A7D08000892A}
	EndProjectSection
EndProject
Global
	GlobalSection(SolutionConfigurationPlatforms) = preSolution
		Debug|Any CPU = Debug|Any CPU
		Release|Any CPU = Release|Any CPU
	EndGlobalSection
	GlobalSection(ProjectConfigurationPlatforms) = postSolution
		{03EE393D-8324-4B35-B768-CDC2851A63C4}.Debug|Any CPU.ActiveCfg = Debug|Any CPU
		{03EE393D-8324-4B35-B768-CDC2851A63C4}.Debug|Any CPU.Build.0 = Debug|Any CPU
		{03EE393D-8324-4B35-B768-CDC2851A63C4}.Release|Any CPU.ActiveCfg = Release|Any CPU
		{03EE393D-8324-4B35-B768-CDC2851A63C4}.Release|Any CPU.Build.0 = Release|Any CPU
		{C96B3BAB-DC25-4FC4-B6E6-A7D08000892A}.Debug|Any CPU.ActiveCfg = Debug|Any CPU
		{C96B3BAB-DC25-4FC4-B6E6-A7D08000892A}.Debug|Any CPU.Build.0 = Debug|Any CPU
		{C96B3BAB-DC25-4FC4-B6E6-A7D08000892A}.Release|Any CPU.ActiveCfg = Release|Any CPU
		{C96B3BAB-DC25-4FC4-B6E6-A7D08000892A}.Release|Any CPU.Build.0 = Release|Any CPU
		{9000073C-FE0C-4DFE-9356-A6F4577ADF88}.Debug|Any CPU.ActiveCfg = Debug|Any CPU
		{9000073C-FE0C-4DFE-9356-A6F4577ADF88}.Debug|Any CPU.Build.0 = Debug|Any CPU
		{9000073C-FE0C-4DFE-9356-A6F4577ADF88}.Release|Any CPU.ActiveCfg = Release|Any CPU
		{9000073C-FE0C-4DFE-9356-A6F4577ADF88}.Release|Any CPU.Build.0 = Release|Any CPU
	EndGlobalSection
	GlobalSection(SolutionProperties) = preSolution
		HideSolutionNode = FALSE
	EndGlobalSection
	GlobalSection(ExtensibilityGlobals) = postSolution
		SolutionGuid = {454D2719-A204-49F3-9E5D-A8EEBBD1CDF3}
	EndGlobalSection
EndGlobal
