
Microsoft Visual Studio Solution File, Format Version 12.00
# Visual Studio Version 16
VisualStudioVersion = 16.0.30611.23
MinimumVisualStudioVersion = 10.0.40219.1
Project("{FAE04EC0-301F-11D3-BF4B-00C04F79EFBC}") = "INTERFAZ", "INTERFAZ.csproj", "{9000073C-FE0C-4DFE-9356-A6F4577ADF88}"
EndProject
Global
	GlobalSection(SolutionConfigurationPlatforms) = preSolution
		Debug|Any CPU = Debug|Any CPU
		Release|Any CPU = Release|Any CPU
	EndGlobalSection
	GlobalSection(ProjectConfigurationPlatforms) = postSolution
		{9000073C-FE0C-4DFE-9356-A6F4577ADF88}.Debug|Any CPU.ActiveCfg = Debug|Any CPU
		{9000073C-FE0C-4DFE-9356-A6F4577ADF88}.Debug|Any CPU.Build.0 = Debug|Any CPU
		{9000073C-FE0C-4DFE-9356-A6F4577ADF88}.Release|Any CPU.ActiveCfg = Release|Any CPU
		{9000073C-FE0C-4DFE-9356-A6F4577ADF88}.Release|Any CPU.Build.0 = Release|Any CPU
	EndGlobalSection
	GlobalSection(SolutionProperties) = preSolution
		HideSolutionNode = FALSE
	EndGlobalSection
	GlobalSection(ExtensibilityGlobals) = postSolution
		SolutionGuid = {C287C156-CB74-4274-950C-36D07E464104}
	EndGlobalSection
EndGlobal
